
Microsoft Visual Studio Solution File, Format Version 12.00
# Visual Studio Version 17
VisualStudioVersion = 17.14.36127.28
MinimumVisualStudioVersion = 10.0.40219.1
Project("{FAE04EC0-301F-11D3-BF4B-00C04F79EFBC}") = "ApiFetcher", "ApiFetcher\ApiFetcher.csproj", "{78D7EE4B-40AD-4A0F-ACF1-1F4E95AEE3CF}"
EndProject
Project("{FAE04EC0-301F-11D3-BF4B-00C04F79EFBC}") = "ConsoleAppTest", "ConsoleAppTest\ConsoleAppTest.csproj", "{32D26A18-ACBB-48B8-A7AD-4C5073B016AB}"
EndProject
Project("{FAE04EC0-301F-11D3-BF4B-00C04F79EFBC}") = "MessengerUI", "MessengerUI\MessengerUI.csproj", "{72D91969-6302-9BD5-A8A1-D184542F745B}"
EndProject
Global
	GlobalSection(SolutionConfigurationPlatforms) = preSolution
		Debug|Any CPU = Debug|Any CPU
		Release|Any CPU = Release|Any CPU
	EndGlobalSection
	GlobalSection(ProjectConfigurationPlatforms) = postSolution
		{78D7EE4B-40AD-4A0F-ACF1-1F4E95AEE3CF}.Debug|Any CPU.ActiveCfg = Debug|Any CPU
		{78D7EE4B-40AD-4A0F-ACF1-1F4E95AEE3CF}.Debug|Any CPU.Build.0 = Debug|Any CPU
		{78D7EE4B-40AD-4A0F-ACF1-1F4E95AEE3CF}.Release|Any CPU.ActiveCfg = Release|Any CPU
		{78D7EE4B-40AD-4A0F-ACF1-1F4E95AEE3CF}.Release|Any CPU.Build.0 = Release|Any CPU
		{32D26A18-ACBB-48B8-A7AD-4C5073B016AB}.Debug|Any CPU.ActiveCfg = Debug|Any CPU
		{32D26A18-ACBB-48B8-A7AD-4C5073B016AB}.Debug|Any CPU.Build.0 = Debug|Any CPU
		{32D26A18-ACBB-48B8-A7AD-4C5073B016AB}.Release|Any CPU.ActiveCfg = Release|Any CPU
		{32D26A18-ACBB-48B8-A7AD-4C5073B016AB}.Release|Any CPU.Build.0 = Release|Any CPU
		{72D91969-6302-9BD5-A8A1-D184542F745B}.Debug|Any CPU.ActiveCfg = Debug|Any CPU
		{72D91969-6302-9BD5-A8A1-D184542F745B}.Debug|Any CPU.Build.0 = Debug|Any CPU
		{72D91969-6302-9BD5-A8A1-D184542F745B}.Release|Any CPU.ActiveCfg = Release|Any CPU
		{72D91969-6302-9BD5-A8A1-D184542F745B}.Release|Any CPU.Build.0 = Release|Any CPU
	EndGlobalSection
	GlobalSection(SolutionProperties) = preSolution
		HideSolutionNode = FALSE
	EndGlobalSection
	GlobalSection(ExtensibilityGlobals) = postSolution
		SolutionGuid = {3D421DB5-3A7C-4FAA-9C26-B2544AECF814}
	EndGlobalSection
EndGlobal
